
Microsoft Visual Studio Solution File, Format Version 12.00
# Visual Studio 15
VisualStudioVersion = 15.0.28307.1259
MinimumVisualStudioVersion = 10.0.40219.1
Project("{FAE04EC0-301F-11D3-BF4B-00C04F79EFBC}") = "Week8Lab", "Week8Lab\Week8Lab.csproj", "{0422B931-3BB8-4FBC-8166-59685A24A702}"
EndProject
Global
	GlobalSection(SolutionConfigurationPlatforms) = preSolution
		Debug|Any CPU = Debug|Any CPU
		Release|Any CPU = Release|Any CPU
	EndGlobalSection
	GlobalSection(ProjectConfigurationPlatforms) = postSolution
		{0422B931-3BB8-4FBC-8166-59685A24A702}.Debug|Any CPU.ActiveCfg = Debug|Any CPU
		{0422B931-3BB8-4FBC-8166-59685A24A702}.Debug|Any CPU.Build.0 = Debug|Any CPU
		{0422B931-3BB8-4FBC-8166-59685A24A702}.Release|Any CPU.ActiveCfg = Release|Any CPU
		{0422B931-3BB8-4FBC-8166-59685A24A702}.Release|Any CPU.Build.0 = Release|Any CPU
	EndGlobalSection
	GlobalSection(SolutionProperties) = preSolution
		HideSolutionNode = FALSE
	EndGlobalSection
	GlobalSection(ExtensibilityGlobals) = postSolution
		SolutionGuid = {03C878B1-C419-4C2A-BA29-9FE01EB2623A}
	EndGlobalSection
EndGlobal
